{
  "name": "demo",
  "version": "1.0.0",
  "lockfileVersion": 1,
  "requires": true,
  "dependencies": {
    "@babel/runtime": {
      "version": "7.12.5",
      "resolved": "https://registry.npmjs.org/@babel/runtime/-/runtime-7.12.5.tgz",
      "integrity": "sha512-plcc+hbExy3McchJCEQG3knOsuh3HH+Prx1P6cLIkET/0dLuQDEnrT+s27Axgc9bqfsmNUNHfscgMUdBpC9xfg==",
      "requires": {
        "regenerator-runtime": "^0.13.4"
      }
    },
    "@babel/runtime-corejs2": {
      "version": "7.12.5",
      "resolved": "https://registry.npmjs.org/@babel/runtime-corejs2/-/runtime-corejs2-7.12.5.tgz",
      "integrity": "sha512-kt5YpZ7F5A05LOgQuaMXXmcxakK/qttf5C/E1BJPA3Kf5PanbjPzDoXN+PIslUnjUxpuKblCsXyP0QfMiqyKqA==",
      "requires": {
        "core-js": "^2.6.5",
        "regenerator-runtime": "^0.13.4"
      }
    },
    "core-js": {
      "version": "2.6.11",
      "resolved": "https://registry.npmjs.org/core-js/-/core-js-2.6.11.tgz",
      "integrity": "sha512-5wjnpaT/3dV+XB4borEsnAYQchn00XSgTAWKDkEqv+K8KevjbzmofK6hfJ9TZIlpj2N0xQpazy7PiRQiWHqzWg=="
    },
    "jsonc-parser": {
      "version": "0.0.1",
      "resolved": "https://registry.npmjs.org/jsonc-parser/-/jsonc-parser-0.0.1.tgz",
      "integrity": "sha1-fv9F3o+nIVMVkD60thL9xGUlnKg=",
      "requires": {
        "vscode-nls": "^1.0.4"
      }
    },
    "jsrsasign": {
      "version": "10.0.5",
      "resolved": "https://registry.npmjs.org/jsrsasign/-/jsrsasign-10.0.5.tgz",
      "integrity": "sha512-Q9Hu2lvEO02hyIxEoh/GYDnglZEDH6p1vqaOEzPtn0d+ipTrml4lg4golFjEt1TV4upZx3Wag6HQ+xyAtp3qtg=="
    },
    "jsrsasign-util": {
      "version": "1.0.2",
      "resolved": "https://registry.npmjs.org/jsrsasign-util/-/jsrsasign-util-1.0.2.tgz",
      "integrity": "sha512-6VP9b5nlzEtdwThD6LjVBCHZBLAH9oiJ+yzBs5t5CqYTchd8CLp7l+iPFWjxracu9b9jXf7blSQA7Xz07TyaUg==",
      "requires": {
        "jsonc-parser": "^0.0.1",
        "jsrsasign": "^4.8.2"
      },
      "dependencies": {
        "jsrsasign": {
          "version": "4.9.2",
          "resolved": "https://registry.npmjs.org/jsrsasign/-/jsrsasign-4.9.2.tgz",
          "integrity": "sha1-6qypVHAJgehW+KJ9ouaw6rbfATQ="
        }
      }
    },
    "regenerator-runtime": {
      "version": "0.13.7",
      "resolved": "https://registry.npmjs.org/regenerator-runtime/-/regenerator-runtime-0.13.7.tgz",
      "integrity": "sha512-a54FxoJDIr27pgf7IgeQGxmqUNYrcV338lf/6gH456HZ/PhX+5BcwHXG9ajESmwe6WRO0tAzRUrRmNONWgkrew=="
    },
    "rsa-long": {
      "version": "1.0.3",
      "resolved": "https://registry.npmjs.org/rsa-long/-/rsa-long-1.0.3.tgz",
      "integrity": "sha512-z3VOYmmJV5aGKKFN6TjVaocOVQLIz10b27V9wW3QvOsMrB5MCISKiXI9JaD+0mNoxQjs7GO4D0Eh85QkVXhWwg==",
      "requires": {
        "@babel/runtime": "^7.12.5",
        "@babel/runtime-corejs2": "^7.12.5",
        "jsrsasign": "^10.0.5",
        "jsrsasign-util": "^1.0.2"
      }
    },
    "vscode-nls": {
      "version": "1.0.7",
      "resolved": "https://registry.npmjs.org/vscode-nls/-/vscode-nls-1.0.7.tgz",
      "integrity": "sha1-KYwB/Oh4AsZEwKFe9SajPGLA1Y4="
    }
  }
}
