{
  "name": "rsa-long",
  "version": "1.0.0",
  "lockfileVersion": 1,
  "requires": true,
  "dependencies": {
    "jsonc-parser": {
      "version": "0.0.1",
      "resolved": "https://registry.npmjs.org/jsonc-parser/-/jsonc-parser-0.0.1.tgz",
      "integrity": "sha1-fv9F3o+nIVMVkD60thL9xGUlnKg=",
      "requires": {
        "vscode-nls": "^1.0.4"
      }
    },
    "jsrsasign": {
      "version": "10.0.5",
      "resolved": "https://registry.npmjs.org/jsrsasign/-/jsrsasign-10.0.5.tgz",
      "integrity": "sha512-Q9Hu2lvEO02hyIxEoh/GYDnglZEDH6p1vqaOEzPtn0d+ipTrml4lg4golFjEt1TV4upZx3Wag6HQ+xyAtp3qtg=="
    },
    "jsrsasign-util": {
      "version": "1.0.2",
      "resolved": "https://registry.npmjs.org/jsrsasign-util/-/jsrsasign-util-1.0.2.tgz",
      "integrity": "sha512-6VP9b5nlzEtdwThD6LjVBCHZBLAH9oiJ+yzBs5t5CqYTchd8CLp7l+iPFWjxracu9b9jXf7blSQA7Xz07TyaUg==",
      "requires": {
        "jsonc-parser": "^0.0.1",
        "jsrsasign": "^4.8.2"
      },
      "dependencies": {
        "jsrsasign": {
          "version": "4.9.2",
          "resolved": "https://registry.npmjs.org/jsrsasign/-/jsrsasign-4.9.2.tgz",
          "integrity": "sha1-6qypVHAJgehW+KJ9ouaw6rbfATQ="
        }
      }
    },
    "vscode-nls": {
      "version": "1.0.7",
      "resolved": "https://registry.npmjs.org/vscode-nls/-/vscode-nls-1.0.7.tgz",
      "integrity": "sha1-KYwB/Oh4AsZEwKFe9SajPGLA1Y4="
    }
  }
}
